{
  "name": "benrbnt.com-snake",
  "version": "1.0.0",
  "lockfileVersion": 1,
  "requires": true,
  "dependencies": {
    "gsap": {
      "version": "3.5.1",
      "resolved": "https://registry.npmjs.org/gsap/-/gsap-3.5.1.tgz",
      "integrity": "sha512-EMV0RSUKZNeTUzLKAizGlwxVOUyif3/g8I3S1aA/hf3gbqwBvmQ02x1RdTBQNQMOpHCVBv9y/vaHwfctoAg8zw=="
    },
    "three": {
      "version": "0.120.1",
      "resolved": "https://registry.npmjs.org/three/-/three-0.120.1.tgz",
      "integrity": "sha512-ktaCRFUR7JUZcKec+cBRz+oBex5pOVaJhrtxvFF2T7on53o9UkEux+/Nh1g/4zeb4t/pbxIFcADbn/ACu3LC1g=="
    }
  }
}
